// !$*UTF8*$!
{
	archiveVersion = 1;
	classes = {
	};
	objectVersion = 55;
	objects = {

/* Begin PBXBuildFile section */
		15A3BFC727B7AA7E004C10EF /* EssentialFeed.docc in Sources */ = {isa = PBXBuildFile; fileRef = 15A3BFC627B7AA7E004C10EF /* EssentialFeed.docc */; };
		15A3BFCD27B7AA7E004C10EF /* EssentialFeed.framework in Frameworks */ = {isa = PBXBuildFile; fileRef = 15A3BFC227B7AA7E004C10EF /* EssentialFeed.framework */; };
		15A3BFD227B7AA7E004C10EF /* RemoteFeedLoaderTests.swift in Sources */ = {isa = PBXBuildFile; fileRef = 15A3BFD127B7AA7E004C10EF /* RemoteFeedLoaderTests.swift */; };
		15A3BFD327B7AA7E004C10EF /* EssentialFeed.h in Headers */ = {isa = PBXBuildFile; fileRef = 15A3BFC527B7AA7E004C10EF /* EssentialFeed.h */; settings = {ATTRIBUTES = (Public, ); }; };
		15A3BFDE27B7AFF8004C10EF /* FeedItem.swift in Sources */ = {isa = PBXBuildFile; fileRef = 15A3BFDD27B7AFF8004C10EF /* FeedItem.swift */; };
		15A3BFE027B7B289004C10EF /* FeedLoader.swift in Sources */ = {isa = PBXBuildFile; fileRef = 15A3BFDF27B7B289004C10EF /* FeedLoader.swift */; };
		15A3BFE227B7C06D004C10EF /* RemoteFeedLoader.swift in Sources */ = {isa = PBXBuildFile; fileRef = 15A3BFE127B7C06D004C10EF /* RemoteFeedLoader.swift */; };
/* End PBXBuildFile section */

/* Begin PBXContainerItemProxy section */
		15A3BFCE27B7AA7E004C10EF /* PBXContainerItemProxy */ = {
			isa = PBXContainerItemProxy;
			containerPortal = 15A3BFB927B7AA7E004C10EF /* Project object */;
			proxyType = 1;
			remoteGlobalIDString = 15A3BFC127B7AA7E004C10EF;
			remoteInfo = EssentialFeed;
		};
/* End PBXContainerItemProxy section */

/* Begin PBXFileReference section */
		15A3BFC227B7AA7E004C10EF /* EssentialFeed.framework */ = {isa = PBXFileReference; explicitFileType = wrapper.framework; includeInIndex = 0; path = EssentialFeed.framework; sourceTree = BUILT_PRODUCTS_DIR; };
		15A3BFC527B7AA7E004C10EF /* EssentialFeed.h */ = {isa = PBXFileReference; lastKnownFileType = sourcecode.c.h; path = EssentialFeed.h; sourceTree = "<group>"; };
		15A3BFC627B7AA7E004C10EF /* EssentialFeed.docc */ = {isa = PBXFileReference; lastKnownFileType = folder.documentationcatalog; path = EssentialFeed.docc; sourceTree = "<group>"; };
		15A3BFCC27B7AA7E004C10EF /* EssentialFeedTests.xctest */ = {isa = PBXFileReference; explicitFileType = wrapper.cfbundle; includeInIndex = 0; path = EssentialFeedTests.xctest; sourceTree = BUILT_PRODUCTS_DIR; };
		15A3BFD127B7AA7E004C10EF /* RemoteFeedLoaderTests.swift */ = {isa = PBXFileReference; lastKnownFileType = sourcecode.swift; path = RemoteFeedLoaderTests.swift; sourceTree = "<group>"; };
		15A3BFDD27B7AFF8004C10EF /* FeedItem.swift */ = {isa = PBXFileReference; lastKnownFileType = sourcecode.swift; path = FeedItem.swift; sourceTree = "<group>"; };
		15A3BFDF27B7B289004C10EF /* FeedLoader.swift */ = {isa = PBXFileReference; lastKnownFileType = sourcecode.swift; path = FeedLoader.swift; sourceTree = "<group>"; };
		15A3BFE127B7C06D004C10EF /* RemoteFeedLoader.swift */ = {isa = PBXFileReference; lastKnownFileType = sourcecode.swift; path = RemoteFeedLoader.swift; sourceTree = "<group>"; };
/* End PBXFileReference section */

/* Begin PBXFrameworksBuildPhase section */
		15A3BFBF27B7AA7E004C10EF /* Frameworks */ = {
			isa = PBXFrameworksBuildPhase;
			buildActionMask = 2147483647;
			files = (
			);
			runOnlyForDeploymentPostprocessing = 0;
		};
		15A3BFC927B7AA7E004C10EF /* Frameworks */ = {
			isa = PBXFrameworksBuildPhase;
			buildActionMask = 2147483647;
			files = (
				15A3BFCD27B7AA7E004C10EF /* EssentialFeed.framework in Frameworks */,
			);
			runOnlyForDeploymentPostprocessing = 0;
		};
/* End PBXFrameworksBuildPhase section */

/* Begin PBXGroup section */
		15A3BFB827B7AA7E004C10EF = {
			isa = PBXGroup;
			children = (
				15A3BFC427B7AA7E004C10EF /* EssentialFeed */,
				15A3BFD027B7AA7E004C10EF /* EssentialFeedTests */,
				15A3BFC327B7AA7E004C10EF /* Products */,
			);
			sourceTree = "<group>";
		};
		15A3BFC327B7AA7E004C10EF /* Products */ = {
			isa = PBXGroup;
			children = (
				15A3BFC227B7AA7E004C10EF /* EssentialFeed.framework */,
				15A3BFCC27B7AA7E004C10EF /* EssentialFeedTests.xctest */,
			);
			name = Products;
			sourceTree = "<group>";
		};
		15A3BFC427B7AA7E004C10EF /* EssentialFeed */ = {
			isa = PBXGroup;
			children = (
				15A3BFE327B7FA2F004C10EF /* Feed API */,
				15A3BFDC27B7AFDF004C10EF /* Feed Feature */,
				15A3BFC527B7AA7E004C10EF /* EssentialFeed.h */,
				15A3BFC627B7AA7E004C10EF /* EssentialFeed.docc */,
			);
			path = EssentialFeed;
			sourceTree = "<group>";
		};
		15A3BFD027B7AA7E004C10EF /* EssentialFeedTests */ = {
			isa = PBXGroup;
			children = (
				15A3BFD127B7AA7E004C10EF /* RemoteFeedLoaderTests.swift */,
			);
			path = EssentialFeedTests;
			sourceTree = "<group>";
		};
		15A3BFDC27B7AFDF004C10EF /* Feed Feature */ = {
			isa = PBXGroup;
			children = (
				15A3BFDD27B7AFF8004C10EF /* FeedItem.swift */,
				15A3BFDF27B7B289004C10EF /* FeedLoader.swift */,
			);
			path = "Feed Feature";
			sourceTree = "<group>";
		};
		15A3BFE327B7FA2F004C10EF /* Feed API */ = {
			isa = PBXGroup;
			children = (
				15A3BFE127B7C06D004C10EF /* RemoteFeedLoader.swift */,
			);
			path = "Feed API";
			sourceTree = "<group>";
		};
/* End PBXGroup section */

/* Begin PBXHeadersBuildPhase section */
		15A3BFBD27B7AA7E004C10EF /* Headers */ = {
			isa = PBXHeadersBuildPhase;
			buildActionMask = 2147483647;
			files = (
				15A3BFD327B7AA7E004C10EF /* EssentialFeed.h in Headers */,
			);
			runOnlyForDeploymentPostprocessing = 0;
		};
/* End PBXHeadersBuildPhase section */

/* Begin PBXNativeTarget section */
		15A3BFC127B7AA7E004C10EF /* EssentialFeed */ = {
			isa = PBXNativeTarget;
			buildConfigurationList = 15A3BFD627B7AA7E004C10EF /* Build configuration list for PBXNativeTarget "EssentialFeed" */;
			buildPhases = (
				15A3BFBD27B7AA7E004C10EF /* Headers */,
				15A3BFBE27B7AA7E004C10EF /* Sources */,
				15A3BFBF27B7AA7E004C10EF /* Frameworks */,
				15A3BFC027B7AA7E004C10EF /* Resources */,
			);
			buildRules = (
			);
			dependencies = (
			);
			name = EssentialFeed;
			productName = EssentialFeed;
			productReference = 15A3BFC227B7AA7E004C10EF /* EssentialFeed.framework */;
			productType = "com.apple.product-type.framework";
		};
		15A3BFCB27B7AA7E004C10EF /* EssentialFeedTests */ = {
			isa = PBXNativeTarget;
			buildConfigurationList = 15A3BFD927B7AA7E004C10EF /* Build configuration list for PBXNativeTarget "EssentialFeedTests" */;
			buildPhases = (
				15A3BFC827B7AA7E004C10EF /* Sources */,
				15A3BFC927B7AA7E004C10EF /* Frameworks */,
				15A3BFCA27B7AA7E004C10EF /* Resources */,
			);
			buildRules = (
			);
			dependencies = (
				15A3BFCF27B7AA7E004C10EF /* PBXTargetDependency */,
			);
			name = EssentialFeedTests;
			productName = EssentialFeedTests;
			productReference = 15A3BFCC27B7AA7E004C10EF /* EssentialFeedTests.xctest */;
			productType = "com.apple.product-type.bundle.unit-test";
		};
/* End PBXNativeTarget section */

/* Begin PBXProject section */
		15A3BFB927B7AA7E004C10EF /* Project object */ = {
			isa = PBXProject;
			attributes = {
				BuildIndependentTargetsInParallel = 1;
				LastSwiftUpdateCheck = 1320;
				LastUpgradeCheck = 1320;
				TargetAttributes = {
					15A3BFC127B7AA7E004C10EF = {
						CreatedOnToolsVersion = 13.2;
					};
					15A3BFCB27B7AA7E004C10EF = {
						CreatedOnToolsVersion = 13.2;
					};
				};
			};
			buildConfigurationList = 15A3BFBC27B7AA7E004C10EF /* Build configuration list for PBXProject "EssentialFeed" */;
			compatibilityVersion = "Xcode 13.0";
			developmentRegion = en;
			hasScannedForEncodings = 0;
			knownRegions = (
				en,
				Base,
			);
			mainGroup = 15A3BFB827B7AA7E004C10EF;
			productRefGroup = 15A3BFC327B7AA7E004C10EF /* Products */;
			projectDirPath = "";
			projectRoot = "";
			targets = (
				15A3BFC127B7AA7E004C10EF /* EssentialFeed */,
				15A3BFCB27B7AA7E004C10EF /* EssentialFeedTests */,
			);
		};
/* End PBXProject section */

/* Begin PBXResourcesBuildPhase section */
		15A3BFC027B7AA7E004C10EF /* Resources */ = {
			isa = PBXResourcesBuildPhase;
			buildActionMask = 2147483647;
			files = (
			);
			runOnlyForDeploymentPostprocessing = 0;
		};
		15A3BFCA27B7AA7E004C10EF /* Resources */ = {
			isa = PBXResourcesBuildPhase;
			buildActionMask = 2147483647;
			files = (
			);
			runOnlyForDeploymentPostprocessing = 0;
		};
/* End PBXResourcesBuildPhase section */

/* Begin PBXSourcesBuildPhase section */
		15A3BFBE27B7AA7E004C10EF /* Sources */ = {
			isa = PBXSourcesBuildPhase;
			buildActionMask = 2147483647;
			files = (
				15A3BFE227B7C06D004C10EF /* RemoteFeedLoader.swift in Sources */,
				15A3BFE027B7B289004C10EF /* FeedLoader.swift in Sources */,
				15A3BFDE27B7AFF8004C10EF /* FeedItem.swift in Sources */,
				15A3BFC727B7AA7E004C10EF /* EssentialFeed.docc in Sources */,
			);
			runOnlyForDeploymentPostprocessing = 0;
		};
		15A3BFC827B7AA7E004C10EF /* Sources */ = {
			isa = PBXSourcesBuildPhase;
			buildActionMask = 2147483647;
			files = (
				15A3BFD227B7AA7E004C10EF /* RemoteFeedLoaderTests.swift in Sources */,
			);
			runOnlyForDeploymentPostprocessing = 0;
		};
/* End PBXSourcesBuildPhase section */

/* Begin PBXTargetDependency section */
		15A3BFCF27B7AA7E004C10EF /* PBXTargetDependency */ = {
			isa = PBXTargetDependency;
			target = 15A3BFC127B7AA7E004C10EF /* EssentialFeed */;
			targetProxy = 15A3BFCE27B7AA7E004C10EF /* PBXContainerItemProxy */;
		};
/* End PBXTargetDependency section */

/* Begin XCBuildConfiguration section */
		15A3BFD427B7AA7E004C10EF /* Debug */ = {
			isa = XCBuildConfiguration;
			buildSettings = {
				ALWAYS_SEARCH_USER_PATHS = NO;
				CLANG_ANALYZER_NONNULL = YES;
				CLANG_ANALYZER_NUMBER_OBJECT_CONVERSION = YES_AGGRESSIVE;
				CLANG_CXX_LANGUAGE_STANDARD = "gnu++17";
				CLANG_CXX_LIBRARY = "libc++";
				CLANG_ENABLE_MODULES = YES;
				CLANG_ENABLE_OBJC_ARC = YES;
				CLANG_ENABLE_OBJC_WEAK = YES;
				CLANG_WARN_BLOCK_CAPTURE_AUTORELEASING = YES;
				CLANG_WARN_BOOL_CONVERSION = YES;
				CLANG_WARN_COMMA = YES;
				CLANG_WARN_CONSTANT_CONVERSION = YES;
				CLANG_WARN_DEPRECATED_OBJC_IMPLEMENTATIONS = YES;
				CLANG_WARN_DIRECT_OBJC_ISA_USAGE = YES_ERROR;
				CLANG_WARN_DOCUMENTATION_COMMENTS = YES;
				CLANG_WARN_EMPTY_BODY = YES;
				CLANG_WARN_ENUM_CONVERSION = YES;
				CLANG_WARN_INFINITE_RECURSION = YES;
				CLANG_WARN_INT_CONVERSION = YES;
				CLANG_WARN_NON_LITERAL_NULL_CONVERSION = YES;
				CLANG_WARN_OBJC_IMPLICIT_RETAIN_SELF = YES;
				CLANG_WARN_OBJC_LITERAL_CONVERSION = YES;
				CLANG_WARN_OBJC_ROOT_CLASS = YES_ERROR;
				CLANG_WARN_QUOTED_INCLUDE_IN_FRAMEWORK_HEADER = YES;
				CLANG_WARN_RANGE_LOOP_ANALYSIS = YES;
				CLANG_WARN_STRICT_PROTOTYPES = YES;
				CLANG_WARN_SUSPICIOUS_MOVE = YES;
				CLANG_WARN_UNGUARDED_AVAILABILITY = YES_AGGRESSIVE;
				CLANG_WARN_UNREACHABLE_CODE = YES;
				CLANG_WARN__DUPLICATE_METHOD_MATCH = YES;
				COPY_PHASE_STRIP = NO;
				CURRENT_PROJECT_VERSION = 1;
				DEBUG_INFORMATION_FORMAT = dwarf;
				ENABLE_STRICT_OBJC_MSGSEND = YES;
				ENABLE_TESTABILITY = YES;
				GCC_C_LANGUAGE_STANDARD = gnu11;
				GCC_DYNAMIC_NO_PIC = NO;
				GCC_NO_COMMON_BLOCKS = YES;
				GCC_OPTIMIZATION_LEVEL = 0;
				GCC_PREPROCESSOR_DEFINITIONS = (
					"DEBUG=1",
					"$(inherited)",
				);
				GCC_WARN_64_TO_32_BIT_CONVERSION = YES;
				GCC_WARN_ABOUT_RETURN_TYPE = YES_ERROR;
				GCC_WARN_UNDECLARED_SELECTOR = YES;
				GCC_WARN_UNINITIALIZED_AUTOS = YES_AGGRESSIVE;
				GCC_WARN_UNUSED_FUNCTION = YES;
				GCC_WARN_UNUSED_VARIABLE = YES;
				MACOSX_DEPLOYMENT_TARGET = 12.1;
				MTL_ENABLE_DEBUG_INFO = INCLUDE_SOURCE;
				MTL_FAST_MATH = YES;
				ONLY_ACTIVE_ARCH = YES;
				SDKROOT = macosx;
				SWIFT_ACTIVE_COMPILATION_CONDITIONS = DEBUG;
				SWIFT_OPTIMIZATION_LEVEL = "-Onone";
				VERSIONING_SYSTEM = "apple-generic";
				VERSION_INFO_PREFIX = "";
			};
			name = Debug;
		};
		15A3BFD527B7AA7E004C10EF /* Release */ = {
			isa = XCBuildConfiguration;
			buildSettings = {
				ALWAYS_SEARCH_USER_PATHS = NO;
				CLANG_ANALYZER_NONNULL = YES;
				CLANG_ANALYZER_NUMBER_OBJECT_CONVERSION = YES_AGGRESSIVE;
				CLANG_CXX_LANGUAGE_STANDARD = "gnu++17";
				CLANG_CXX_LIBRARY = "libc++";
				CLANG_ENABLE_MODULES = YES;
				CLANG_ENABLE_OBJC_ARC = YES;
				CLANG_ENABLE_OBJC_WEAK = YES;
				CLANG_WARN_BLOCK_CAPTURE_AUTORELEASING = YES;
				CLANG_WARN_BOOL_CONVERSION = YES;
				CLANG_WARN_COMMA = YES;
				CLANG_WARN_CONSTANT_CONVERSION = YES;
				CLANG_WARN_DEPRECATED_OBJC_IMPLEMENTATIONS = YES;
				CLANG_WARN_DIRECT_OBJC_ISA_USAGE = YES_ERROR;
				CLANG_WARN_DOCUMENTATION_COMMENTS = YES;
				CLANG_WARN_EMPTY_BODY = YES;
				CLANG_WARN_ENUM_CONVERSION = YES;
				CLANG_WARN_INFINITE_RECURSION = YES;
				CLANG_WARN_INT_CONVERSION = YES;
				CLANG_WARN_NON_LITERAL_NULL_CONVERSION = YES;
				CLANG_WARN_OBJC_IMPLICIT_RETAIN_SELF = YES;
				CLANG_WARN_OBJC_LITERAL_CONVERSION = YES;
				CLANG_WARN_OBJC_ROOT_CLASS = YES_ERROR;
				CLANG_WARN_QUOTED_INCLUDE_IN_FRAMEWORK_HEADER = YES;
				CLANG_WARN_RANGE_LOOP_ANALYSIS = YES;
				CLANG_WARN_STRICT_PROTOTYPES = YES;
				CLANG_WARN_SUSPICIOUS_MOVE = YES;
				CLANG_WARN_UNGUARDED_AVAILABILITY = YES_AGGRESSIVE;
				CLANG_WARN_UNREACHABLE_CODE = YES;
				CLANG_WARN__DUPLICATE_METHOD_MATCH = YES;
				COPY_PHASE_STRIP = NO;
				CURRENT_PROJECT_VERSION = 1;
				DEBUG_INFORMATION_FORMAT = "dwarf-with-dsym";
				ENABLE_NS_ASSERTIONS = NO;
				ENABLE_STRICT_OBJC_MSGSEND = YES;
				GCC_C_LANGUAGE_STANDARD = gnu11;
				GCC_NO_COMMON_BLOCKS = YES;
				GCC_WARN_64_TO_32_BIT_CONVERSION = YES;
				GCC_WARN_ABOUT_RETURN_TYPE = YES_ERROR;
				GCC_WARN_UNDECLARED_SELECTOR = YES;
				GCC_WARN_UNINITIALIZED_AUTOS = YES_AGGRESSIVE;
				GCC_WARN_UNUSED_FUNCTION = YES;
				GCC_WARN_UNUSED_VARIABLE = YES;
				MACOSX_DEPLOYMENT_TARGET = 12.1;
				MTL_ENABLE_DEBUG_INFO = NO;
				MTL_FAST_MATH = YES;
				SDKROOT = macosx;
				SWIFT_COMPILATION_MODE = wholemodule;
				SWIFT_OPTIMIZATION_LEVEL = "-O";
				VERSIONING_SYSTEM = "apple-generic";
				VERSION_INFO_PREFIX = "";
			};
			name = Release;
		};
		15A3BFD727B7AA7E004C10EF /* Debug */ = {
			isa = XCBuildConfiguration;
			buildSettings = {
				CODE_SIGN_STYLE = Automatic;
				COMBINE_HIDPI_IMAGES = YES;
				CURRENT_PROJECT_VERSION = 1;
				DEFINES_MODULE = YES;
				DEVELOPMENT_TEAM = 5M29XDZBUB;
				DYLIB_COMPATIBILITY_VERSION = 1;
				DYLIB_CURRENT_VERSION = 1;
				DYLIB_INSTALL_NAME_BASE = "@rpath";
				GENERATE_INFOPLIST_FILE = YES;
				INFOPLIST_KEY_NSHumanReadableCopyright = "";
				INSTALL_PATH = "$(LOCAL_LIBRARY_DIR)/Frameworks";
				LD_RUNPATH_SEARCH_PATHS = (
					"$(inherited)",
					"@executable_path/../Frameworks",
					"@loader_path/Frameworks",
				);
				MARKETING_VERSION = 1.0;
				PRODUCT_BUNDLE_IDENTIFIER = com.jsonkuan.EssentialFeed;
				PRODUCT_NAME = "$(TARGET_NAME:c99extidentifier)";
				SKIP_INSTALL = YES;
				SWIFT_EMIT_LOC_STRINGS = YES;
				SWIFT_VERSION = 5.0;
			};
			name = Debug;
		};
		15A3BFD827B7AA7E004C10EF /* Release */ = {
			isa = XCBuildConfiguration;
			buildSettings = {
				CODE_SIGN_STYLE = Automatic;
				COMBINE_HIDPI_IMAGES = YES;
				CURRENT_PROJECT_VERSION = 1;
				DEFINES_MODULE = YES;
				DEVELOPMENT_TEAM = 5M29XDZBUB;
				DYLIB_COMPATIBILITY_VERSION = 1;
				DYLIB_CURRENT_VERSION = 1;
				DYLIB_INSTALL_NAME_BASE = "@rpath";
				GENERATE_INFOPLIST_FILE = YES;
				INFOPLIST_KEY_NSHumanReadableCopyright = "";
				INSTALL_PATH = "$(LOCAL_LIBRARY_DIR)/Frameworks";
				LD_RUNPATH_SEARCH_PATHS = (
					"$(inherited)",
					"@executable_path/../Frameworks",
					"@loader_path/Frameworks",
				);
				MARKETING_VERSION = 1.0;
				PRODUCT_BUNDLE_IDENTIFIER = com.jsonkuan.EssentialFeed;
				PRODUCT_NAME = "$(TARGET_NAME:c99extidentifier)";
				SKIP_INSTALL = YES;
				SWIFT_EMIT_LOC_STRINGS = YES;
				SWIFT_VERSION = 5.0;
			};
			name = Release;
		};
		15A3BFDA27B7AA7E004C10EF /* Debug */ = {
			isa = XCBuildConfiguration;
			buildSettings = {
				ALWAYS_EMBED_SWIFT_STANDARD_LIBRARIES = YES;
				CODE_SIGN_STYLE = Automatic;
				CURRENT_PROJECT_VERSION = 1;
				DEVELOPMENT_TEAM = 5M29XDZBUB;
				GENERATE_INFOPLIST_FILE = YES;
				MARKETING_VERSION = 1.0;
				PRODUCT_BUNDLE_IDENTIFIER = com.jsonkuan.EssentialFeedTests;
				PRODUCT_NAME = "$(TARGET_NAME)";
				SWIFT_EMIT_LOC_STRINGS = NO;
				SWIFT_VERSION = 5.0;
			};
			name = Debug;
		};
		15A3BFDB27B7AA7E004C10EF /* Release */ = {
			isa = XCBuildConfiguration;
			buildSettings = {
				ALWAYS_EMBED_SWIFT_STANDARD_LIBRARIES = YES;
				CODE_SIGN_STYLE = Automatic;
				CURRENT_PROJECT_VERSION = 1;
				DEVELOPMENT_TEAM = 5M29XDZBUB;
				GENERATE_INFOPLIST_FILE = YES;
				MARKETING_VERSION = 1.0;
				PRODUCT_BUNDLE_IDENTIFIER = com.jsonkuan.EssentialFeedTests;
				PRODUCT_NAME = "$(TARGET_NAME)";
				SWIFT_EMIT_LOC_STRINGS = NO;
				SWIFT_VERSION = 5.0;
			};
			name = Release;
		};
/* End XCBuildConfiguration section */

/* Begin XCConfigurationList section */
		15A3BFBC27B7AA7E004C10EF /* Build configuration list for PBXProject "EssentialFeed" */ = {
			isa = XCConfigurationList;
			buildConfigurations = (
				15A3BFD427B7AA7E004C10EF /* Debug */,
				15A3BFD527B7AA7E004C10EF /* Release */,
			);
			defaultConfigurationIsVisible = 0;
			defaultConfigurationName = Release;
		};
		15A3BFD627B7AA7E004C10EF /* Build configuration list for PBXNativeTarget "EssentialFeed" */ = {
			isa = XCConfigurationList;
			buildConfigurations = (
				15A3BFD727B7AA7E004C10EF /* Debug */,
				15A3BFD827B7AA7E004C10EF /* Release */,
			);
			defaultConfigurationIsVisible = 0;
			defaultConfigurationName = Release;
		};
		15A3BFD927B7AA7E004C10EF /* Build configuration list for PBXNativeTarget "EssentialFeedTests" */ = {
			isa = XCConfigurationList;
			buildConfigurations = (
				15A3BFDA27B7AA7E004C10EF /* Debug */,
				15A3BFDB27B7AA7E004C10EF /* Release */,
			);
			defaultConfigurationIsVisible = 0;
			defaultConfigurationName = Release;
		};
/* End XCConfigurationList section */
	};
	rootObject = 15A3BFB927B7AA7E004C10EF /* Project object */;
}
